
Microsoft Visual Studio Solution File, Format Version 12.00
# Visual Studio Version 17
VisualStudioVersion = 17.11.35219.272
MinimumVisualStudioVersion = 10.0.40219.1
Project("{FAE04EC0-301F-11D3-BF4B-00C04F79EFBC}") = "Proyectos C#", "Proyectos C#.csproj", "{402389CE-42D6-4FD8-9E7D-BF82DCF7AA0F}"
EndProject
Global
	GlobalSection(SolutionConfigurationPlatforms) = preSolution
		Debug|Any CPU = Debug|Any CPU
		Release|Any CPU = Release|Any CPU
	EndGlobalSection
	GlobalSection(ProjectConfigurationPlatforms) = postSolution
		{402389CE-42D6-4FD8-9E7D-BF82DCF7AA0F}.Debug|Any CPU.ActiveCfg = Debug|Any CPU
		{402389CE-42D6-4FD8-9E7D-BF82DCF7AA0F}.Debug|Any CPU.Build.0 = Debug|Any CPU
		{402389CE-42D6-4FD8-9E7D-BF82DCF7AA0F}.Release|Any CPU.ActiveCfg = Release|Any CPU
		{402389CE-42D6-4FD8-9E7D-BF82DCF7AA0F}.Release|Any CPU.Build.0 = Release|Any CPU
	EndGlobalSection
	GlobalSection(SolutionProperties) = preSolution
		HideSolutionNode = FALSE
	EndGlobalSection
	GlobalSection(ExtensibilityGlobals) = postSolution
		SolutionGuid = {58CF7AB3-0409-4FF8-8EB0-F93F69ECA5C4}
	EndGlobalSection
EndGlobal
